
Microsoft Visual Studio Solution File, Format Version 12.00
# Visual Studio Version 16
VisualStudioVersion = 16.0.30503.244
MinimumVisualStudioVersion = 10.0.40219.1
Project("{FAE04EC0-301F-11D3-BF4B-00C04F79EFBC}") = "PowerPix1.0", "PowerPix1.0\PowerPix1.0.csproj", "{910D3A68-9173-47C4-83D5-0EE4101C7AFC}"
EndProject
Global
	GlobalSection(SolutionConfigurationPlatforms) = preSolution
		Debug|Any CPU = Debug|Any CPU
		Release|Any CPU = Release|Any CPU
	EndGlobalSection
	GlobalSection(ProjectConfigurationPlatforms) = postSolution
		{910D3A68-9173-47C4-83D5-0EE4101C7AFC}.Debug|Any CPU.ActiveCfg = Debug|Any CPU
		{910D3A68-9173-47C4-83D5-0EE4101C7AFC}.Debug|Any CPU.Build.0 = Debug|Any CPU
		{910D3A68-9173-47C4-83D5-0EE4101C7AFC}.Release|Any CPU.ActiveCfg = Release|Any CPU
		{910D3A68-9173-47C4-83D5-0EE4101C7AFC}.Release|Any CPU.Build.0 = Release|Any CPU
	EndGlobalSection
	GlobalSection(SolutionProperties) = preSolution
		HideSolutionNode = FALSE
	EndGlobalSection
	GlobalSection(ExtensibilityGlobals) = postSolution
		SolutionGuid = {7A4E05D5-54D4-4E0A-91AD-59C08CEF85B8}
	EndGlobalSection
EndGlobal
